
Microsoft Visual Studio Solution File, Format Version 12.00
Project("{FAE04EC0-301F-11D3-BF4B-00C04F79EFBC}") = "D2R", "D2R\D2R.csproj", "{314F6BCB-C255-4E24-A14F-6312FAF02C23}"
EndProject
Global
	GlobalSection(SolutionConfigurationPlatforms) = preSolution
		Debug|Any CPU = Debug|Any CPU
		Release|Any CPU = Release|Any CPU
	EndGlobalSection
	GlobalSection(ProjectConfigurationPlatforms) = postSolution
		{314F6BCB-C255-4E24-A14F-6312FAF02C23}.Debug|Any CPU.ActiveCfg = Debug|Any CPU
		{314F6BCB-C255-4E24-A14F-6312FAF02C23}.Debug|Any CPU.Build.0 = Debug|Any CPU
		{314F6BCB-C255-4E24-A14F-6312FAF02C23}.Release|Any CPU.ActiveCfg = Release|Any CPU
		{314F6BCB-C255-4E24-A14F-6312FAF02C23}.Release|Any CPU.Build.0 = Release|Any CPU
	EndGlobalSection
EndGlobal
